
Microsoft Visual Studio Solution File, Format Version 12.00
# Visual Studio Version 17
VisualStudioVersion = 17.6.33801.468
MinimumVisualStudioVersion = 10.0.40219.1
Project("{FAE04EC0-301F-11D3-BF4B-00C04F79EFBC}") = "resqdoc2", "resqdoc2\resqdoc2.csproj", "{F860B67E-5D8A-4A0E-BF0E-8547D7422B7A}"
EndProject
Global
	GlobalSection(SolutionConfigurationPlatforms) = preSolution
		Debug|Any CPU = Debug|Any CPU
		Release|Any CPU = Release|Any CPU
	EndGlobalSection
	GlobalSection(ProjectConfigurationPlatforms) = postSolution
		{F860B67E-5D8A-4A0E-BF0E-8547D7422B7A}.Debug|Any CPU.ActiveCfg = Debug|Any CPU
		{F860B67E-5D8A-4A0E-BF0E-8547D7422B7A}.Debug|Any CPU.Build.0 = Debug|Any CPU
		{F860B67E-5D8A-4A0E-BF0E-8547D7422B7A}.Release|Any CPU.ActiveCfg = Release|Any CPU
		{F860B67E-5D8A-4A0E-BF0E-8547D7422B7A}.Release|Any CPU.Build.0 = Release|Any CPU
	EndGlobalSection
	GlobalSection(SolutionProperties) = preSolution
		HideSolutionNode = FALSE
	EndGlobalSection
	GlobalSection(ExtensibilityGlobals) = postSolution
		SolutionGuid = {B10050BF-98FA-4878-A49A-040B910CB878}
	EndGlobalSection
EndGlobal
